// !$*UTF8*$!
{
	archiveVersion = 1;
	classes = {
	};
	objectVersion = 48;
	objects = {

/* Begin PBXBuildFile section */
		623C4E0320350306004D11EF /* AppDelegate.swift in Sources */ = {isa = PBXBuildFile; fileRef = 623C4E0220350306004D11EF /* AppDelegate.swift */; };
		623C4E0520350306004D11EF /* ViewController.swift in Sources */ = {isa = PBXBuildFile; fileRef = 623C4E0420350306004D11EF /* ViewController.swift */; };
		623C4E0820350306004D11EF /* Main.storyboard in Resources */ = {isa = PBXBuildFile; fileRef = 623C4E0620350306004D11EF /* Main.storyboard */; };
		623C4E0A20350306004D11EF /* Assets.xcassets in Resources */ = {isa = PBXBuildFile; fileRef = 623C4E0920350306004D11EF /* Assets.xcassets */; };
		623C4E0D20350306004D11EF /* LaunchScreen.storyboard in Resources */ = {isa = PBXBuildFile; fileRef = 623C4E0B20350306004D11EF /* LaunchScreen.storyboard */; };
		A0D2160A9805FC27631B832D /* Pods_PracticeDotaAPI.framework in Frameworks */ = {isa = PBXBuildFile; fileRef = 6B2AC796D4B59F45301DF72D /* Pods_PracticeDotaAPI.framework */; };
/* End PBXBuildFile section */

/* Begin PBXFileReference section */
		623C4DFF20350306004D11EF /* PracticeDotaAPI.app */ = {isa = PBXFileReference; explicitFileType = wrapper.application; includeInIndex = 0; path = PracticeDotaAPI.app; sourceTree = BUILT_PRODUCTS_DIR; };
		623C4E0220350306004D11EF /* AppDelegate.swift */ = {isa = PBXFileReference; lastKnownFileType = sourcecode.swift; path = AppDelegate.swift; sourceTree = "<group>"; };
		623C4E0420350306004D11EF /* ViewController.swift */ = {isa = PBXFileReference; lastKnownFileType = sourcecode.swift; path = ViewController.swift; sourceTree = "<group>"; };
		623C4E0720350306004D11EF /* Base */ = {isa = PBXFileReference; lastKnownFileType = file.storyboard; name = Base; path = Base.lproj/Main.storyboard; sourceTree = "<group>"; };
		623C4E0920350306004D11EF /* Assets.xcassets */ = {isa = PBXFileReference; lastKnownFileType = folder.assetcatalog; path = Assets.xcassets; sourceTree = "<group>"; };
		623C4E0C20350306004D11EF /* Base */ = {isa = PBXFileReference; lastKnownFileType = file.storyboard; name = Base; path = Base.lproj/LaunchScreen.storyboard; sourceTree = "<group>"; };
		623C4E0E20350306004D11EF /* Info.plist */ = {isa = PBXFileReference; lastKnownFileType = text.plist.xml; path = Info.plist; sourceTree = "<group>"; };
		6B2AC796D4B59F45301DF72D /* Pods_PracticeDotaAPI.framework */ = {isa = PBXFileReference; explicitFileType = wrapper.framework; includeInIndex = 0; path = Pods_PracticeDotaAPI.framework; sourceTree = BUILT_PRODUCTS_DIR; };
		9B19A3987D616DEC76BEBD0E /* Pods-PracticeDotaAPI.release.xcconfig */ = {isa = PBXFileReference; includeInIndex = 1; lastKnownFileType = text.xcconfig; name = "Pods-PracticeDotaAPI.release.xcconfig"; path = "Pods/Target Support Files/Pods-PracticeDotaAPI/Pods-PracticeDotaAPI.release.xcconfig"; sourceTree = "<group>"; };
		AF0FF631811F0D671202FB17 /* Pods-PracticeDotaAPI.debug.xcconfig */ = {isa = PBXFileReference; includeInIndex = 1; lastKnownFileType = text.xcconfig; name = "Pods-PracticeDotaAPI.debug.xcconfig"; path = "Pods/Target Support Files/Pods-PracticeDotaAPI/Pods-PracticeDotaAPI.debug.xcconfig"; sourceTree = "<group>"; };
/* End PBXFileReference section */

/* Begin PBXFrameworksBuildPhase section */
		623C4DFC20350306004D11EF /* Frameworks */ = {
			isa = PBXFrameworksBuildPhase;
			buildActionMask = 2147483647;
			files = (
				A0D2160A9805FC27631B832D /* Pods_PracticeDotaAPI.framework in Frameworks */,
			);
			runOnlyForDeploymentPostprocessing = 0;
		};
/* End PBXFrameworksBuildPhase section */

/* Begin PBXGroup section */
		234694D39D63B2637A0B5B1E /* Frameworks */ = {
			isa = PBXGroup;
			children = (
				6B2AC796D4B59F45301DF72D /* Pods_PracticeDotaAPI.framework */,
			);
			name = Frameworks;
			sourceTree = "<group>";
		};
		2BEBB711EDEBEF596FAE8C4B /* Pods */ = {
			isa = PBXGroup;
			children = (
				AF0FF631811F0D671202FB17 /* Pods-PracticeDotaAPI.debug.xcconfig */,
				9B19A3987D616DEC76BEBD0E /* Pods-PracticeDotaAPI.release.xcconfig */,
			);
			name = Pods;
			sourceTree = "<group>";
		};
		623C4DF620350306004D11EF = {
			isa = PBXGroup;
			children = (
				623C4E0120350306004D11EF /* PracticeDotaAPI */,
				623C4E0020350306004D11EF /* Products */,
				2BEBB711EDEBEF596FAE8C4B /* Pods */,
				234694D39D63B2637A0B5B1E /* Frameworks */,
			);
			sourceTree = "<group>";
		};
		623C4E0020350306004D11EF /* Products */ = {
			isa = PBXGroup;
			children = (
				623C4DFF20350306004D11EF /* PracticeDotaAPI.app */,
			);
			name = Products;
			sourceTree = "<group>";
		};
		623C4E0120350306004D11EF /* PracticeDotaAPI */ = {
			isa = PBXGroup;
			children = (
				623C4E0220350306004D11EF /* AppDelegate.swift */,
				623C4E0420350306004D11EF /* ViewController.swift */,
				623C4E0620350306004D11EF /* Main.storyboard */,
				623C4E0920350306004D11EF /* Assets.xcassets */,
				623C4E0B20350306004D11EF /* LaunchScreen.storyboard */,
				623C4E0E20350306004D11EF /* Info.plist */,
			);
			path = PracticeDotaAPI;
			sourceTree = "<group>";
		};
/* End PBXGroup section */

/* Begin PBXNativeTarget section */
		623C4DFE20350306004D11EF /* PracticeDotaAPI */ = {
			isa = PBXNativeTarget;
			buildConfigurationList = 623C4E1120350306004D11EF /* Build configuration list for PBXNativeTarget "PracticeDotaAPI" */;
			buildPhases = (
				580546BA77AC3AC650C8F44E /* [CP] Check Pods Manifest.lock */,
				623C4DFB20350306004D11EF /* Sources */,
				623C4DFC20350306004D11EF /* Frameworks */,
				623C4DFD20350306004D11EF /* Resources */,
				EBA4EF028F0B12500B6BEC2A /* [CP] Embed Pods Frameworks */,
				4BDEFC9303C0286230A46BB0 /* [CP] Copy Pods Resources */,
			);
			buildRules = (
			);
			dependencies = (
			);
			name = PracticeDotaAPI;
			productName = PracticeDotaAPI;
			productReference = 623C4DFF20350306004D11EF /* PracticeDotaAPI.app */;
			productType = "com.apple.product-type.application";
		};
/* End PBXNativeTarget section */

/* Begin PBXProject section */
		623C4DF720350306004D11EF /* Project object */ = {
			isa = PBXProject;
			attributes = {
				LastSwiftUpdateCheck = 0920;
				LastUpgradeCheck = 0920;
				ORGANIZATIONNAME = Roberto;
				TargetAttributes = {
					623C4DFE20350306004D11EF = {
						CreatedOnToolsVersion = 9.2;
						ProvisioningStyle = Automatic;
					};
				};
			};
			buildConfigurationList = 623C4DFA20350306004D11EF /* Build configuration list for PBXProject "PracticeDotaAPI" */;
			compatibilityVersion = "Xcode 8.0";
			developmentRegion = en;
			hasScannedForEncodings = 0;
			knownRegions = (
				en,
				Base,
			);
			mainGroup = 623C4DF620350306004D11EF;
			productRefGroup = 623C4E0020350306004D11EF /* Products */;
			projectDirPath = "";
			projectRoot = "";
			targets = (
				623C4DFE20350306004D11EF /* PracticeDotaAPI */,
			);
		};
/* End PBXProject section */

/* Begin PBXResourcesBuildPhase section */
		623C4DFD20350306004D11EF /* Resources */ = {
			isa = PBXResourcesBuildPhase;
			buildActionMask = 2147483647;
			files = (
				623C4E0D20350306004D11EF /* LaunchScreen.storyboard in Resources */,
				623C4E0A20350306004D11EF /* Assets.xcassets in Resources */,
				623C4E0820350306004D11EF /* Main.storyboard in Resources */,
			);
			runOnlyForDeploymentPostprocessing = 0;
		};
/* End PBXResourcesBuildPhase section */

/* Begin PBXShellScriptBuildPhase section */
		4BDEFC9303C0286230A46BB0 /* [CP] Copy Pods Resources */ = {
			isa = PBXShellScriptBuildPhase;
			buildActionMask = 2147483647;
			files = (
			);
			inputPaths = (
			);
			name = "[CP] Copy Pods Resources";
			outputPaths = (
			);
			runOnlyForDeploymentPostprocessing = 0;
			shellPath = /bin/sh;
			shellScript = "\"${SRCROOT}/Pods/Target Support Files/Pods-PracticeDotaAPI/Pods-PracticeDotaAPI-resources.sh\"\n";
			showEnvVarsInLog = 0;
		};
		580546BA77AC3AC650C8F44E /* [CP] Check Pods Manifest.lock */ = {
			isa = PBXShellScriptBuildPhase;
			buildActionMask = 2147483647;
			files = (
			);
			inputPaths = (
				"${PODS_PODFILE_DIR_PATH}/Podfile.lock",
				"${PODS_ROOT}/Manifest.lock",
			);
			name = "[CP] Check Pods Manifest.lock";
			outputPaths = (
				"$(DERIVED_FILE_DIR)/Pods-PracticeDotaAPI-checkManifestLockResult.txt",
			);
			runOnlyForDeploymentPostprocessing = 0;
			shellPath = /bin/sh;
			shellScript = "diff \"${PODS_PODFILE_DIR_PATH}/Podfile.lock\" \"${PODS_ROOT}/Manifest.lock\" > /dev/null\nif [ $? != 0 ] ; then\n    # print error to STDERR\n    echo \"error: The sandbox is not in sync with the Podfile.lock. Run 'pod install' or update your CocoaPods installation.\" >&2\n    exit 1\nfi\n# This output is used by Xcode 'outputs' to avoid re-running this script phase.\necho \"SUCCESS\" > \"${SCRIPT_OUTPUT_FILE_0}\"\n";
			showEnvVarsInLog = 0;
		};
		EBA4EF028F0B12500B6BEC2A /* [CP] Embed Pods Frameworks */ = {
			isa = PBXShellScriptBuildPhase;
			buildActionMask = 2147483647;
			files = (
			);
			inputPaths = (
				"${SRCROOT}/Pods/Target Support Files/Pods-PracticeDotaAPI/Pods-PracticeDotaAPI-frameworks.sh",
				"${BUILT_PRODUCTS_DIR}/Alamofire/Alamofire.framework",
				"${BUILT_PRODUCTS_DIR}/SwiftyJSON/SwiftyJSON.framework",
			);
			name = "[CP] Embed Pods Frameworks";
			outputPaths = (
				"${TARGET_BUILD_DIR}/${FRAMEWORKS_FOLDER_PATH}/Alamofire.framework",
				"${TARGET_BUILD_DIR}/${FRAMEWORKS_FOLDER_PATH}/SwiftyJSON.framework",
			);
			runOnlyForDeploymentPostprocessing = 0;
			shellPath = /bin/sh;
			shellScript = "\"${SRCROOT}/Pods/Target Support Files/Pods-PracticeDotaAPI/Pods-PracticeDotaAPI-frameworks.sh\"\n";
			showEnvVarsInLog = 0;
		};
/* End PBXShellScriptBuildPhase section */

/* Begin PBXSourcesBuildPhase section */
		623C4DFB20350306004D11EF /* Sources */ = {
			isa = PBXSourcesBuildPhase;
			buildActionMask = 2147483647;
			files = (
				623C4E0520350306004D11EF /* ViewController.swift in Sources */,
				623C4E0320350306004D11EF /* AppDelegate.swift in Sources */,
			);
			runOnlyForDeploymentPostprocessing = 0;
		};
/* End PBXSourcesBuildPhase section */

/* Begin PBXVariantGroup section */
		623C4E0620350306004D11EF /* Main.storyboard */ = {
			isa = PBXVariantGroup;
			children = (
				623C4E0720350306004D11EF /* Base */,
			);
			name = Main.storyboard;
			sourceTree = "<group>";
		};
		623C4E0B20350306004D11EF /* LaunchScreen.storyboard */ = {
			isa = PBXVariantGroup;
			children = (
				623C4E0C20350306004D11EF /* Base */,
			);
			name = LaunchScreen.storyboard;
			sourceTree = "<group>";
		};
/* End PBXVariantGroup section */

/* Begin XCBuildConfiguration section */
		623C4E0F20350306004D11EF /* Debug */ = {
			isa = XCBuildConfiguration;
			buildSettings = {
				ALWAYS_SEARCH_USER_PATHS = NO;
				CLANG_ANALYZER_NONNULL = YES;
				CLANG_ANALYZER_NUMBER_OBJECT_CONVERSION = YES_AGGRESSIVE;
				CLANG_CXX_LANGUAGE_STANDARD = "gnu++14";
				CLANG_CXX_LIBRARY = "libc++";
				CLANG_ENABLE_MODULES = YES;
				CLANG_ENABLE_OBJC_ARC = YES;
				CLANG_WARN_BLOCK_CAPTURE_AUTORELEASING = YES;
				CLANG_WARN_BOOL_CONVERSION = YES;
				CLANG_WARN_COMMA = YES;
				CLANG_WARN_CONSTANT_CONVERSION = YES;
				CLANG_WARN_DIRECT_OBJC_ISA_USAGE = YES_ERROR;
				CLANG_WARN_DOCUMENTATION_COMMENTS = YES;
				CLANG_WARN_EMPTY_BODY = YES;
				CLANG_WARN_ENUM_CONVERSION = YES;
				CLANG_WARN_INFINITE_RECURSION = YES;
				CLANG_WARN_INT_CONVERSION = YES;
				CLANG_WARN_NON_LITERAL_NULL_CONVERSION = YES;
				CLANG_WARN_OBJC_LITERAL_CONVERSION = YES;
				CLANG_WARN_OBJC_ROOT_CLASS = YES_ERROR;
				CLANG_WARN_RANGE_LOOP_ANALYSIS = YES;
				CLANG_WARN_STRICT_PROTOTYPES = YES;
				CLANG_WARN_SUSPICIOUS_MOVE = YES;
				CLANG_WARN_UNGUARDED_AVAILABILITY = YES_AGGRESSIVE;
				CLANG_WARN_UNREACHABLE_CODE = YES;
				CLANG_WARN__DUPLICATE_METHOD_MATCH = YES;
				CODE_SIGN_IDENTITY = "iPhone Developer";
				COPY_PHASE_STRIP = NO;
				DEBUG_INFORMATION_FORMAT = dwarf;
				ENABLE_STRICT_OBJC_MSGSEND = YES;
				ENABLE_TESTABILITY = YES;
				GCC_C_LANGUAGE_STANDARD = gnu11;
				GCC_DYNAMIC_NO_PIC = NO;
				GCC_NO_COMMON_BLOCKS = YES;
				GCC_OPTIMIZATION_LEVEL = 0;
				GCC_PREPROCESSOR_DEFINITIONS = (
					"DEBUG=1",
					"$(inherited)",
				);
				GCC_WARN_64_TO_32_BIT_CONVERSION = YES;
				GCC_WARN_ABOUT_RETURN_TYPE = YES_ERROR;
				GCC_WARN_UNDECLARED_SELECTOR = YES;
				GCC_WARN_UNINITIALIZED_AUTOS = YES_AGGRESSIVE;
				GCC_WARN_UNUSED_FUNCTION = YES;
				GCC_WARN_UNUSED_VARIABLE = YES;
				IPHONEOS_DEPLOYMENT_TARGET = 11.2;
				MTL_ENABLE_DEBUG_INFO = YES;
				ONLY_ACTIVE_ARCH = YES;
				SDKROOT = iphoneos;
				SWIFT_ACTIVE_COMPILATION_CONDITIONS = DEBUG;
				SWIFT_OPTIMIZATION_LEVEL = "-Onone";
			};
			name = Debug;
		};
		623C4E1020350306004D11EF /* Release */ = {
			isa = XCBuildConfiguration;
			buildSettings = {
				ALWAYS_SEARCH_USER_PATHS = NO;
				CLANG_ANALYZER_NONNULL = YES;
				CLANG_ANALYZER_NUMBER_OBJECT_CONVERSION = YES_AGGRESSIVE;
				CLANG_CXX_LANGUAGE_STANDARD = "gnu++14";
				CLANG_CXX_LIBRARY = "libc++";
				CLANG_ENABLE_MODULES = YES;
				CLANG_ENABLE_OBJC_ARC = YES;
				CLANG_WARN_BLOCK_CAPTURE_AUTORELEASING = YES;
				CLANG_WARN_BOOL_CONVERSION = YES;
				CLANG_WARN_COMMA = YES;
				CLANG_WARN_CONSTANT_CONVERSION = YES;
				CLANG_WARN_DIRECT_OBJC_ISA_USAGE = YES_ERROR;
				CLANG_WARN_DOCUMENTATION_COMMENTS = YES;
				CLANG_WARN_EMPTY_BODY = YES;
				CLANG_WARN_ENUM_CONVERSION = YES;
				CLANG_WARN_INFINITE_RECURSION = YES;
				CLANG_WARN_INT_CONVERSION = YES;
				CLANG_WARN_NON_LITERAL_NULL_CONVERSION = YES;
				CLANG_WARN_OBJC_LITERAL_CONVERSION = YES;
				CLANG_WARN_OBJC_ROOT_CLASS = YES_ERROR;
				CLANG_WARN_RANGE_LOOP_ANALYSIS = YES;
				CLANG_WARN_STRICT_PROTOTYPES = YES;
				CLANG_WARN_SUSPICIOUS_MOVE = YES;
				CLANG_WARN_UNGUARDED_AVAILABILITY = YES_AGGRESSIVE;
				CLANG_WARN_UNREACHABLE_CODE = YES;
				CLANG_WARN__DUPLICATE_METHOD_MATCH = YES;
				CODE_SIGN_IDENTITY = "iPhone Developer";
				COPY_PHASE_STRIP = NO;
				DEBUG_INFORMATION_FORMAT = "dwarf-with-dsym";
				ENABLE_NS_ASSERTIONS = NO;
				ENABLE_STRICT_OBJC_MSGSEND = YES;
				GCC_C_LANGUAGE_STANDARD = gnu11;
				GCC_NO_COMMON_BLOCKS = YES;
				GCC_WARN_64_TO_32_BIT_CONVERSION = YES;
				GCC_WARN_ABOUT_RETURN_TYPE = YES_ERROR;
				GCC_WARN_UNDECLARED_SELECTOR = YES;
				GCC_WARN_UNINITIALIZED_AUTOS = YES_AGGRESSIVE;
				GCC_WARN_UNUSED_FUNCTION = YES;
				GCC_WARN_UNUSED_VARIABLE = YES;
				IPHONEOS_DEPLOYMENT_TARGET = 11.2;
				MTL_ENABLE_DEBUG_INFO = NO;
				SDKROOT = iphoneos;
				SWIFT_OPTIMIZATION_LEVEL = "-Owholemodule";
				VALIDATE_PRODUCT = YES;
			};
			name = Release;
		};
		623C4E1220350306004D11EF /* Debug */ = {
			isa = XCBuildConfiguration;
			baseConfigurationReference = AF0FF631811F0D671202FB17 /* Pods-PracticeDotaAPI.debug.xcconfig */;
			buildSettings = {
				ASSETCATALOG_COMPILER_APPICON_NAME = AppIcon;
				CODE_SIGN_STYLE = Automatic;
				INFOPLIST_FILE = PracticeDotaAPI/Info.plist;
				LD_RUNPATH_SEARCH_PATHS = "$(inherited) @executable_path/Frameworks";
				PRODUCT_BUNDLE_IDENTIFIER = com.jawn.PracticeDotaAPI;
				PRODUCT_NAME = "$(TARGET_NAME)";
				SWIFT_VERSION = 4.0;
				TARGETED_DEVICE_FAMILY = "1,2";
			};
			name = Debug;
		};
		623C4E1320350306004D11EF /* Release */ = {
			isa = XCBuildConfiguration;
			baseConfigurationReference = 9B19A3987D616DEC76BEBD0E /* Pods-PracticeDotaAPI.release.xcconfig */;
			buildSettings = {
				ASSETCATALOG_COMPILER_APPICON_NAME = AppIcon;
				CODE_SIGN_STYLE = Automatic;
				INFOPLIST_FILE = PracticeDotaAPI/Info.plist;
				LD_RUNPATH_SEARCH_PATHS = "$(inherited) @executable_path/Frameworks";
				PRODUCT_BUNDLE_IDENTIFIER = com.jawn.PracticeDotaAPI;
				PRODUCT_NAME = "$(TARGET_NAME)";
				SWIFT_VERSION = 4.0;
				TARGETED_DEVICE_FAMILY = "1,2";
			};
			name = Release;
		};
/* End XCBuildConfiguration section */

/* Begin XCConfigurationList section */
		623C4DFA20350306004D11EF /* Build configuration list for PBXProject "PracticeDotaAPI" */ = {
			isa = XCConfigurationList;
			buildConfigurations = (
				623C4E0F20350306004D11EF /* Debug */,
				623C4E1020350306004D11EF /* Release */,
			);
			defaultConfigurationIsVisible = 0;
			defaultConfigurationName = Release;
		};
		623C4E1120350306004D11EF /* Build configuration list for PBXNativeTarget "PracticeDotaAPI" */ = {
			isa = XCConfigurationList;
			buildConfigurations = (
				623C4E1220350306004D11EF /* Debug */,
				623C4E1320350306004D11EF /* Release */,
			);
			defaultConfigurationIsVisible = 0;
			defaultConfigurationName = Release;
		};
/* End XCConfigurationList section */
	};
	rootObject = 623C4DF720350306004D11EF /* Project object */;
}
